
Microsoft Visual Studio Solution File, Format Version 12.00
# Visual Studio Version 16
VisualStudioVersion = 16.0.30907.101
MinimumVisualStudioVersion = 10.0.40219.1
Project("{FAE04EC0-301F-11D3-BF4B-00C04F79EFBC}") = "MyFirstWebAppOnGit", "MyFirstWebAppOnGit\MyFirstWebAppOnGit.csproj", "{1DA07D4D-7C3C-4F5B-8FF1-D7EFA366C1E5}"
EndProject
Global
	GlobalSection(SolutionConfigurationPlatforms) = preSolution
		Debug|Any CPU = Debug|Any CPU
		Release|Any CPU = Release|Any CPU
	EndGlobalSection
	GlobalSection(ProjectConfigurationPlatforms) = postSolution
		{1DA07D4D-7C3C-4F5B-8FF1-D7EFA366C1E5}.Debug|Any CPU.ActiveCfg = Debug|Any CPU
		{1DA07D4D-7C3C-4F5B-8FF1-D7EFA366C1E5}.Debug|Any CPU.Build.0 = Debug|Any CPU
		{1DA07D4D-7C3C-4F5B-8FF1-D7EFA366C1E5}.Release|Any CPU.ActiveCfg = Release|Any CPU
		{1DA07D4D-7C3C-4F5B-8FF1-D7EFA366C1E5}.Release|Any CPU.Build.0 = Release|Any CPU
	EndGlobalSection
	GlobalSection(SolutionProperties) = preSolution
		HideSolutionNode = FALSE
	EndGlobalSection
	GlobalSection(ExtensibilityGlobals) = postSolution
		SolutionGuid = {CA849634-CFF9-42B1-85F0-C57C3840C7E1}
	EndGlobalSection
EndGlobal
